
Microsoft Visual Studio Solution File, Format Version 12.00
# Visual Studio Version 16
VisualStudioVersion = 16.0.30907.101
MinimumVisualStudioVersion = 10.0.40219.1
Project("{FAE04EC0-301F-11D3-BF4B-00C04F79EFBC}") = "CosmosDB", "CosmosDB.csproj", "{7F200B83-3C75-4F73-84E7-1AC92B2A5761}"
EndProject
Global
	GlobalSection(SolutionConfigurationPlatforms) = preSolution
		Debug|Any CPU = Debug|Any CPU
		Release|Any CPU = Release|Any CPU
	EndGlobalSection
	GlobalSection(ProjectConfigurationPlatforms) = postSolution
		{7F200B83-3C75-4F73-84E7-1AC92B2A5761}.Debug|Any CPU.ActiveCfg = Debug|Any CPU
		{7F200B83-3C75-4F73-84E7-1AC92B2A5761}.Debug|Any CPU.Build.0 = Debug|Any CPU
		{7F200B83-3C75-4F73-84E7-1AC92B2A5761}.Release|Any CPU.ActiveCfg = Release|Any CPU
		{7F200B83-3C75-4F73-84E7-1AC92B2A5761}.Release|Any CPU.Build.0 = Release|Any CPU
	EndGlobalSection
	GlobalSection(SolutionProperties) = preSolution
		HideSolutionNode = FALSE
	EndGlobalSection
	GlobalSection(ExtensibilityGlobals) = postSolution
		SolutionGuid = {29F27EED-F9DF-41BA-93FF-7F7FB10054F0}
	EndGlobalSection
EndGlobal
